
Microsoft Visual Studio Solution File, Format Version 12.00
# Visual Studio Version 16
VisualStudioVersion = 16.0.29709.97
MinimumVisualStudioVersion = 10.0.40219.1
Project("{FAE04EC0-301F-11D3-BF4B-00C04F79EFBC}") = "TaxCalculator", "TaxCalculator\TaxCalculator.csproj", "{62F5E9CF-8B37-41D8-ABC4-CCA648D4AC01}"
EndProject
Global
	GlobalSection(SolutionConfigurationPlatforms) = preSolution
		Debug|Any CPU = Debug|Any CPU
		Release|Any CPU = Release|Any CPU
	EndGlobalSection
	GlobalSection(ProjectConfigurationPlatforms) = postSolution
		{62F5E9CF-8B37-41D8-ABC4-CCA648D4AC01}.Debug|Any CPU.ActiveCfg = Debug|Any CPU
		{62F5E9CF-8B37-41D8-ABC4-CCA648D4AC01}.Debug|Any CPU.Build.0 = Debug|Any CPU
		{62F5E9CF-8B37-41D8-ABC4-CCA648D4AC01}.Release|Any CPU.ActiveCfg = Release|Any CPU
		{62F5E9CF-8B37-41D8-ABC4-CCA648D4AC01}.Release|Any CPU.Build.0 = Release|Any CPU
	EndGlobalSection
	GlobalSection(SolutionProperties) = preSolution
		HideSolutionNode = FALSE
	EndGlobalSection
	GlobalSection(ExtensibilityGlobals) = postSolution
		SolutionGuid = {5642E6F9-B1B5-4711-9865-192FE2DB17E9}
	EndGlobalSection
EndGlobal
